<?xml version="1.0" encoding="utf-8"?>
<Project ToolsVersion="4.0" xmlns="http://schemas.microsoft.com/developer/msbuild/2003">
  <ItemGroup>
    <Filter Include="Header Files">
      <UniqueIdentifier>{93995380-89BD-4b04-88EB-625FBE52EBFB}</UniqueIdentifier>
      <Extensions>h;hh;hpp;hxx;h++;hm;inl;inc;ipp;xsd</Extensions>
    </Filter>
    <Filter Include="Resource Files">
      <UniqueIdentifier>{67DA6AB6-F800-4c08-8B7A-83BB121AAD01}</UniqueIdentifier>
      <Extensions>rc;ico;cur;bmp;dlg;rc2;rct;bin;rgs;gif;jpg;jpeg;jpe;resx;tiff;tif;png;wav;mfcribbon-ms</Extensions>
    </Filter>
    <Filter Include="Entry">
      <UniqueIdentifier>{49e29c81-a385-40a3-92a6-35caa4db7dbe}</UniqueIdentifier>
    </Filter>
    <Filter Include="SDK">
      <UniqueIdentifier>{07ba9da4-ad04-48e9-a818-51e1b10f2360}</UniqueIdentifier>
    </Filter>
    <Filter Include="SDK\Interfaces">
      <UniqueIdentifier>{4226d0d9-a013-48d2-9c90-28f775ae0293}</UniqueIdentifier>
    </Filter>
    <Filter Include="SDK\Structs">
      <UniqueIdentifier>{4ce74c6d-b41a-43be-9582-ceb8defb0082}</UniqueIdentifier>
    </Filter>
    <Filter Include="SDK\Classes %28CS%29">
      <UniqueIdentifier>{a8a405be-f58b-400b-8b55-a7387e2c1257}</UniqueIdentifier>
    </Filter>
    <Filter Include="Client">
      <UniqueIdentifier>{7c87c0f8-c6f7-4d68-9d28-8173f0c87223}</UniqueIdentifier>
    </Filter>
    <Filter Include="Rendering">
      <UniqueIdentifier>{a20538c0-1c1f-4df5-aee9-1ca43cbf8a0d}</UniqueIdentifier>
    </Filter>
    <Filter Include="Rendering\ImGui">
      <UniqueIdentifier>{5f96d925-bff4-494b-8d54-ca354da49e9d}</UniqueIdentifier>
    </Filter>
    <Filter Include="SDK\Hooking">
      <UniqueIdentifier>{148bf61f-10ee-4e94-87c0-e6769f379cf4}</UniqueIdentifier>
    </Filter>
    <Filter Include="Client\Hooks">
      <UniqueIdentifier>{f1f102de-8c8a-4a28-93e3-abda83665557}</UniqueIdentifier>
    </Filter>
    <Filter Include="Client\Config">
      <UniqueIdentifier>{5b1be44a-516d-4368-8a87-56f9c27e1ee5}</UniqueIdentifier>
    </Filter>
    <Filter Include="Client\Menu">
      <UniqueIdentifier>{8935a459-8509-400c-923c-5914bb1bd046}</UniqueIdentifier>
    </Filter>
    <Filter Include="Client\Menu\GUI">
      <UniqueIdentifier>{ea603703-863b-4df4-8238-6a07e97d74fe}</UniqueIdentifier>
    </Filter>
    <Filter Include="Client\Features">
      <UniqueIdentifier>{b23b0875-bb96-47d9-9c24-11b44310dcc0}</UniqueIdentifier>
    </Filter>
  </ItemGroup>
  <ItemGroup>
    <ClCompile Include="Entrypoint.cpp">
      <Filter>Entry</Filter>
    </ClCompile>
    <ClCompile Include="InitializeThread.cpp">
      <Filter>Entry</Filter>
    </ClCompile>
    <ClCompile Include="Schema.cpp">
      <Filter>SDK</Filter>
    </ClCompile>
    <ClCompile Include="Vectors.cpp">
      <Filter>SDK\Structs</Filter>
    </ClCompile>
    <ClCompile Include="Matrix.cpp">
      <Filter>SDK\Structs</Filter>
    </ClCompile>
    <ClCompile Include="Client.cpp">
      <Filter>Client</Filter>
    </ClCompile>
    <ClCompile Include="Interfaces.cpp">
      <Filter>SDK\Interfaces</Filter>
    </ClCompile>
    <ClCompile Include="Imgui\imgui.cpp">
      <Filter>Rendering\ImGui</Filter>
    </ClCompile>
    <ClCompile Include="Imgui\imgui_draw.cpp">
      <Filter>Rendering\ImGui</Filter>
    </ClCompile>
    <ClCompile Include="Imgui\imgui_impl_dx11.cpp">
      <Filter>Rendering\ImGui</Filter>
    </ClCompile>
    <ClCompile Include="Imgui\imgui_impl_win32.cpp">
      <Filter>Rendering\ImGui</Filter>
    </ClCompile>
    <ClCompile Include="Imgui\imgui_tables.cpp">
      <Filter>Rendering\ImGui</Filter>
    </ClCompile>
    <ClCompile Include="Imgui\imgui_widgets.cpp">
      <Filter>Rendering\ImGui</Filter>
    </ClCompile>
    <ClCompile Include="minhook\buffer.c">
      <Filter>SDK\Hooking</Filter>
    </ClCompile>
    <ClCompile Include="minhook\hook.c">
      <Filter>SDK\Hooking</Filter>
    </ClCompile>
    <ClCompile Include="minhook\trampoline.c">
      <Filter>SDK\Hooking</Filter>
    </ClCompile>
    <ClCompile Include="minhook\hde\hde32.c">
      <Filter>SDK\Hooking</Filter>
    </ClCompile>
    <ClCompile Include="minhook\hde\hde64.c">
      <Filter>SDK\Hooking</Filter>
    </ClCompile>
    <ClCompile Include="Rendering.cpp">
      <Filter>Rendering</Filter>
    </ClCompile>
    <ClCompile Include="RenderHook.cpp">
      <Filter>Client\Hooks</Filter>
    </ClCompile>
    <ClCompile Include="Config.cpp">
      <Filter>Client\Config</Filter>
    </ClCompile>
    <ClCompile Include="Math.cpp">
      <Filter>SDK\Structs</Filter>
    </ClCompile>
    <ClCompile Include="Col.cpp">
      <Filter>SDK\Structs</Filter>
    </ClCompile>
    <ClCompile Include="Menu.cpp">
      <Filter>Client\Menu\GUI</Filter>
    </ClCompile>
    <ClCompile Include="Input.cpp">
      <Filter>Client\Hooks</Filter>
    </ClCompile>
    <ClCompile Include="Entities.cpp">
      <Filter>SDK\Classes %28CS%29</Filter>
    </ClCompile>
    <ClCompile Include="CHandle.cpp">
      <Filter>SDK\Classes %28CS%29</Filter>
    </ClCompile>
    <ClCompile Include="Movement.cpp">
      <Filter>Client\Features</Filter>
    </ClCompile>
  </ItemGroup>
  <ItemGroup>
    <ClInclude Include="InitializeThread.h">
      <Filter>Entry</Filter>
    </ClInclude>
    <ClInclude Include="Schema.h">
      <Filter>SDK</Filter>
    </ClInclude>
    <ClInclude Include="Interfaces.h">
      <Filter>SDK\Interfaces</Filter>
    </ClInclude>
    <ClInclude Include="CSGlobalVars.h">
      <Filter>SDK\Interfaces</Filter>
    </ClInclude>
    <ClInclude Include="IClient.h">
      <Filter>SDK\Interfaces</Filter>
    </ClInclude>
    <ClInclude Include="Vectors.h">
      <Filter>SDK\Structs</Filter>
    </ClInclude>
    <ClInclude Include="IInput.h">
      <Filter>SDK\Interfaces</Filter>
    </ClInclude>
    <ClInclude Include="Matrix.h">
      <Filter>SDK\Structs</Filter>
    </ClInclude>
    <ClInclude Include="UserCmd.h">
      <Filter>SDK\Classes %28CS%29</Filter>
    </ClInclude>
    <ClInclude Include="QAngle.h">
      <Filter>SDK\Classes %28CS%29</Filter>
    </ClInclude>
    <ClInclude Include="Client.h">
      <Filter>Client</Filter>
    </ClInclude>
    <ClInclude Include="Singleton.h">
      <Filter>SDK</Filter>
    </ClInclude>
    <ClInclude Include="Signatures.h">
      <Filter>Client</Filter>
    </ClInclude>
    <ClInclude Include="IEngineClient.h">
      <Filter>SDK\Interfaces</Filter>
    </ClInclude>
    <ClInclude Include="IEntList.h">
      <Filter>SDK\Interfaces</Filter>
    </ClInclude>
    <ClInclude Include="IInputSystem.h">
      <Filter>SDK\Interfaces</Filter>
    </ClInclude>
    <ClInclude Include="IRenderer.h">
      <Filter>SDK\Interfaces</Filter>
    </ClInclude>
    <ClInclude Include="ISchemaSystem.h">
      <Filter>SDK\Interfaces</Filter>
    </ClInclude>
    <ClInclude Include="Utl.h">
      <Filter>SDK\Classes %28CS%29</Filter>
    </ClInclude>
    <ClInclude Include="ITrace.h">
      <Filter>SDK\Interfaces</Filter>
    </ClInclude>
    <ClInclude Include="Entities.h">
      <Filter>SDK\Classes %28CS%29</Filter>
    </ClInclude>
    <ClInclude Include="Skeleton.h">
      <Filter>SDK\Classes %28CS%29</Filter>
    </ClInclude>
    <ClInclude Include="Trace.h">
      <Filter>SDK\Classes %28CS%29</Filter>
    </ClInclude>
    <ClInclude Include="Imgui\imconfig.h">
      <Filter>Rendering\ImGui</Filter>
    </ClInclude>
    <ClInclude Include="Imgui\imgui.h">
      <Filter>Rendering\ImGui</Filter>
    </ClInclude>
    <ClInclude Include="Imgui\imgui_impl_dx11.h">
      <Filter>Rendering\ImGui</Filter>
    </ClInclude>
    <ClInclude Include="Imgui\imgui_impl_win32.h">
      <Filter>Rendering\ImGui</Filter>
    </ClInclude>
    <ClInclude Include="Imgui\imgui_internal.h">
      <Filter>Rendering\ImGui</Filter>
    </ClInclude>
    <ClInclude Include="Imgui\imstb_rectpack.h">
      <Filter>Rendering\ImGui</Filter>
    </ClInclude>
    <ClInclude Include="Imgui\imstb_textedit.h">
      <Filter>Rendering\ImGui</Filter>
    </ClInclude>
    <ClInclude Include="Imgui\imstb_truetype.h">
      <Filter>Rendering\ImGui</Filter>
    </ClInclude>
    <ClInclude Include="minhook\buffer.h">
      <Filter>SDK\Hooking</Filter>
    </ClInclude>
    <ClInclude Include="minhook\MinHook.h">
      <Filter>SDK\Hooking</Filter>
    </ClInclude>
    <ClInclude Include="minhook\trampoline.h">
      <Filter>SDK\Hooking</Filter>
    </ClInclude>
    <ClInclude Include="minhook\hde\hde32.h">
      <Filter>SDK\Hooking</Filter>
    </ClInclude>
    <ClInclude Include="minhook\hde\hde64.h">
      <Filter>SDK\Hooking</Filter>
    </ClInclude>
    <ClInclude Include="minhook\hde\pstdint.h">
      <Filter>SDK\Hooking</Filter>
    </ClInclude>
    <ClInclude Include="minhook\hde\table32.h">
      <Filter>SDK\Hooking</Filter>
    </ClInclude>
    <ClInclude Include="minhook\hde\table64.h">
      <Filter>SDK\Hooking</Filter>
    </ClInclude>
    <ClInclude Include="Rendering.h">
      <Filter>Rendering</Filter>
    </ClInclude>
    <ClInclude Include="Hooks.h">
      <Filter>Client\Hooks</Filter>
    </ClInclude>
    <ClInclude Include="BuildConfig.h">
      <Filter>Client</Filter>
    </ClInclude>
    <ClInclude Include="VMTHook.h">
      <Filter>Client\Hooks</Filter>
    </ClInclude>
    <ClInclude Include="Config.h">
      <Filter>Client\Config</Filter>
    </ClInclude>
    <ClInclude Include="Math.h">
      <Filter>SDK\Structs</Filter>
    </ClInclude>
    <ClInclude Include="Col.h">
      <Filter>SDK\Structs</Filter>
    </ClInclude>
    <ClInclude Include="GUI.h">
      <Filter>Client\Menu\GUI</Filter>
    </ClInclude>
    <ClInclude Include="Menu.h">
      <Filter>Client\Menu\GUI</Filter>
    </ClInclude>
    <ClInclude Include="CHandle.h">
      <Filter>SDK\Classes %28CS%29</Filter>
    </ClInclude>
    <ClInclude Include="Movement.h">
      <Filter>Client\Features</Filter>
    </ClInclude>
    <ClInclude Include="Features.h">
      <Filter>Client\Features</Filter>
    </ClInclude>
    <ClInclude Include="ICvar.h">
      <Filter>SDK\Interfaces</Filter>
    </ClInclude>
  </ItemGroup>
  <ItemGroup>
    <Text Include="NotesForDevelopers.txt">
      <Filter>Entry</Filter>
    </Text>
  </ItemGroup>
  <ItemGroup>
    <Library Include="freetype\objs\freetype.lib">
      <Filter>Rendering\ImGui</Filter>
    </Library>
  </ItemGroup>
</Project>